// !$*UTF8*$!
{
	archiveVersion = 1;
	classes = {
	};
	objectVersion = 46;
	objects = {

/* Begin PBXBuildFile section */
		841DDD6C1C4CFB24009D31F0 /* AddTransactionViewController.m in Sources */ = {isa = PBXBuildFile; fileRef = 841DDD6B1C4CFB24009D31F0 /* AddTransactionViewController.m */; };
		843BD86B1C5B2F6A00099437 /* MainViewDataModel.m in Sources */ = {isa = PBXBuildFile; fileRef = 843BD86A1C5B2F6A00099437 /* MainViewDataModel.m */; };
		843BD86D1C5B734100099437 /* MainTransactionHeader.xib in Resources */ = {isa = PBXBuildFile; fileRef = 843BD86C1C5B734100099437 /* MainTransactionHeader.xib */; };
		843BD8701C5B761200099437 /* MainTransactionHeader.m in Sources */ = {isa = PBXBuildFile; fileRef = 843BD86F1C5B761200099437 /* MainTransactionHeader.m */; };
		843E277E1C50E6840072C9AD /* MenuHeader.m in Sources */ = {isa = PBXBuildFile; fileRef = 843E277D1C50E6840072C9AD /* MenuHeader.m */; };
		843E27801C50E73C0072C9AD /* MenuHeader.xib in Resources */ = {isa = PBXBuildFile; fileRef = 843E277F1C50E73C0072C9AD /* MenuHeader.xib */; };
		844FC57F1C553BC400E96C9A /* CategoryObject.m in Sources */ = {isa = PBXBuildFile; fileRef = 844FC57E1C553BC400E96C9A /* CategoryObject.m */; };
		844FC5831C553DB500E96C9A /* ExpenseViewController.m in Sources */ = {isa = PBXBuildFile; fileRef = 844FC5821C553DB500E96C9A /* ExpenseViewController.m */; };
		844FC5871C553E4100E96C9A /* IncomeViewController.m in Sources */ = {isa = PBXBuildFile; fileRef = 844FC5861C553E4100E96C9A /* IncomeViewController.m */; };
		844FC58B1C553E8C00E96C9A /* MainViewController.m in Sources */ = {isa = PBXBuildFile; fileRef = 844FC58A1C553E8C00E96C9A /* MainViewController.m */; };
		844FC58F1C5540CD00E96C9A /* Expenses.png in Resources */ = {isa = PBXBuildFile; fileRef = 844FC58C1C5540CD00E96C9A /* Expenses.png */; };
		844FC5901C5540CD00E96C9A /* Incomes.png in Resources */ = {isa = PBXBuildFile; fileRef = 844FC58D1C5540CD00E96C9A /* Incomes.png */; };
		844FC5911C5540CD00E96C9A /* Transactions.png in Resources */ = {isa = PBXBuildFile; fileRef = 844FC58E1C5540CD00E96C9A /* Transactions.png */; };
		847441031C4DF488003346B1 /* SelectCategoryViewController.m in Sources */ = {isa = PBXBuildFile; fileRef = 847441021C4DF488003346B1 /* SelectCategoryViewController.m */; };
		847441081C4E0191003346B1 /* IncomeCategory+CoreDataProperties.m in Sources */ = {isa = PBXBuildFile; fileRef = 847441051C4E0191003346B1 /* IncomeCategory+CoreDataProperties.m */; };
		847441091C4E0191003346B1 /* IncomeCategory.m in Sources */ = {isa = PBXBuildFile; fileRef = 847441071C4E0191003346B1 /* IncomeCategory.m */; };
		8474410E1C4E01B1003346B1 /* Income+CoreDataProperties.m in Sources */ = {isa = PBXBuildFile; fileRef = 8474410B1C4E01B1003346B1 /* Income+CoreDataProperties.m */; };
		8474410F1C4E01B1003346B1 /* Income.m in Sources */ = {isa = PBXBuildFile; fileRef = 8474410D1C4E01B1003346B1 /* Income.m */; };
		847441141C4E01D5003346B1 /* Expenses+CoreDataProperties.m in Sources */ = {isa = PBXBuildFile; fileRef = 847441111C4E01D5003346B1 /* Expenses+CoreDataProperties.m */; };
		847441151C4E01D5003346B1 /* Expenses.m in Sources */ = {isa = PBXBuildFile; fileRef = 847441131C4E01D5003346B1 /* Expenses.m */; };
		8474411A1C4E01EE003346B1 /* ExpenseCategory+CoreDataProperties.m in Sources */ = {isa = PBXBuildFile; fileRef = 847441171C4E01EE003346B1 /* ExpenseCategory+CoreDataProperties.m */; };
		8474411B1C4E01EE003346B1 /* ExpenseCategory.m in Sources */ = {isa = PBXBuildFile; fileRef = 847441191C4E01EE003346B1 /* ExpenseCategory.m */; };
		8474411F1C4E2A44003346B1 /* DataAccess.m in Sources */ = {isa = PBXBuildFile; fileRef = 8474411E1C4E2A44003346B1 /* DataAccess.m */; };
		847441231C4E3A54003346B1 /* MenuViewController.m in Sources */ = {isa = PBXBuildFile; fileRef = 847441221C4E3A54003346B1 /* MenuViewController.m */; };
		847441251C4E54E4003346B1 /* wallet.png in Resources */ = {isa = PBXBuildFile; fileRef = 847441241C4E54E4003346B1 /* wallet.png */; };
		84843D2F1C4CA521007B7B74 /* Question_mark_Icon_64.png in Resources */ = {isa = PBXBuildFile; fileRef = 84843D2E1C4CA521007B7B74 /* Question_mark_Icon_64.png */; };
		84DA52501C64925C00AC6AD2 /* IncomeDataModel.m in Sources */ = {isa = PBXBuildFile; fileRef = 84DA524F1C64925C00AC6AD2 /* IncomeDataModel.m */; };
		84DA52531C64938F00AC6AD2 /* StatisticsIncomeHeader.xib in Resources */ = {isa = PBXBuildFile; fileRef = 84DA52521C64938F00AC6AD2 /* StatisticsIncomeHeader.xib */; };
		84DA52561C6495ED00AC6AD2 /* StatisticsIncomeHeader.m in Sources */ = {isa = PBXBuildFile; fileRef = 84DA52551C6495ED00AC6AD2 /* StatisticsIncomeHeader.m */; };
		84DA52591C64DB8700AC6AD2 /* StatisticsExpenseHeader.m in Sources */ = {isa = PBXBuildFile; fileRef = 84DA52581C64DB8700AC6AD2 /* StatisticsExpenseHeader.m */; };
		84DA525E1C64DBFD00AC6AD2 /* ExpenseDataModel.m in Sources */ = {isa = PBXBuildFile; fileRef = 84DA525D1C64DBFD00AC6AD2 /* ExpenseDataModel.m */; };
		84DA52601C64DDB700AC6AD2 /* StatisticsExpenseHeader.xib in Resources */ = {isa = PBXBuildFile; fileRef = 84DA525F1C64DDB700AC6AD2 /* StatisticsExpenseHeader.xib */; };
		84DC8E1F1C6300860097EB4A /* Images in Resources */ = {isa = PBXBuildFile; fileRef = 84DC8E1E1C6300860097EB4A /* Images */; };
		84E7F5DE1C741D090080EFCC /* AddTransaction.png in Resources */ = {isa = PBXBuildFile; fileRef = 84E7F5D91C741D090080EFCC /* AddTransaction.png */; };
		84E7F5DF1C741D090080EFCC /* Back.png in Resources */ = {isa = PBXBuildFile; fileRef = 84E7F5DA1C741D090080EFCC /* Back.png */; };
		84E7F5E01C741D090080EFCC /* Cancel.png in Resources */ = {isa = PBXBuildFile; fileRef = 84E7F5DB1C741D090080EFCC /* Cancel.png */; };
		84E7F5E11C741D090080EFCC /* Check.png in Resources */ = {isa = PBXBuildFile; fileRef = 84E7F5DC1C741D090080EFCC /* Check.png */; };
		84E7F5E21C741D090080EFCC /* NoTransaction.png in Resources */ = {isa = PBXBuildFile; fileRef = 84E7F5DD1C741D090080EFCC /* NoTransaction.png */; };
		84E7F5E41C7425EF0080EFCC /* menu-icon_black.png in Resources */ = {isa = PBXBuildFile; fileRef = 84E7F5E31C7425EF0080EFCC /* menu-icon_black.png */; };
		84F2915C1C4917AF00CC2212 /* main.m in Sources */ = {isa = PBXBuildFile; fileRef = 84F2915B1C4917AF00CC2212 /* main.m */; };
		84F2915F1C4917AF00CC2212 /* AppDelegate.m in Sources */ = {isa = PBXBuildFile; fileRef = 84F2915E1C4917AF00CC2212 /* AppDelegate.m */; };
		84F291621C4917AF00CC2212 /* ViewController.m in Sources */ = {isa = PBXBuildFile; fileRef = 84F291611C4917AF00CC2212 /* ViewController.m */; };
		84F291651C4917AF00CC2212 /* Main.storyboard in Resources */ = {isa = PBXBuildFile; fileRef = 84F291631C4917AF00CC2212 /* Main.storyboard */; };
		84F291681C4917AF00CC2212 /* MoneyLove.xcdatamodeld in Sources */ = {isa = PBXBuildFile; fileRef = 84F291661C4917AF00CC2212 /* MoneyLove.xcdatamodeld */; };
		84F2916A1C4917AF00CC2212 /* Assets.xcassets in Resources */ = {isa = PBXBuildFile; fileRef = 84F291691C4917AF00CC2212 /* Assets.xcassets */; };
		84F2916D1C4917AF00CC2212 /* LaunchScreen.storyboard in Resources */ = {isa = PBXBuildFile; fileRef = 84F2916B1C4917AF00CC2212 /* LaunchScreen.storyboard */; };
		84F291781C4917AF00CC2212 /* MoneyLoveTests.m in Sources */ = {isa = PBXBuildFile; fileRef = 84F291771C4917AF00CC2212 /* MoneyLoveTests.m */; };
		84F291831C4917AF00CC2212 /* MoneyLoveUITests.m in Sources */ = {isa = PBXBuildFile; fileRef = 84F291821C4917AF00CC2212 /* MoneyLoveUITests.m */; };
/* End PBXBuildFile section */

/* Begin PBXContainerItemProxy section */
		84F291741C4917AF00CC2212 /* PBXContainerItemProxy */ = {
			isa = PBXContainerItemProxy;
			containerPortal = 84F2914F1C4917AF00CC2212 /* Project object */;
			proxyType = 1;
			remoteGlobalIDString = 84F291561C4917AF00CC2212;
			remoteInfo = MoneyLove;
		};
		84F2917F1C4917AF00CC2212 /* PBXContainerItemProxy */ = {
			isa = PBXContainerItemProxy;
			containerPortal = 84F2914F1C4917AF00CC2212 /* Project object */;
			proxyType = 1;
			remoteGlobalIDString = 84F291561C4917AF00CC2212;
			remoteInfo = MoneyLove;
		};
/* End PBXContainerItemProxy section */

/* Begin PBXFileReference section */
		841DDD6A1C4CFB24009D31F0 /* AddTransactionViewController.h */ = {isa = PBXFileReference; fileEncoding = 4; lastKnownFileType = sourcecode.c.h; path = AddTransactionViewController.h; sourceTree = "<group>"; };
		841DDD6B1C4CFB24009D31F0 /* AddTransactionViewController.m */ = {isa = PBXFileReference; fileEncoding = 4; lastKnownFileType = sourcecode.c.objc; path = AddTransactionViewController.m; sourceTree = "<group>"; };
		843BD8691C5B2F6A00099437 /* MainViewDataModel.h */ = {isa = PBXFileReference; fileEncoding = 4; lastKnownFileType = sourcecode.c.h; path = MainViewDataModel.h; sourceTree = "<group>"; };
		843BD86A1C5B2F6A00099437 /* MainViewDataModel.m */ = {isa = PBXFileReference; fileEncoding = 4; lastKnownFileType = sourcecode.c.objc; path = MainViewDataModel.m; sourceTree = "<group>"; };
		843BD86C1C5B734100099437 /* MainTransactionHeader.xib */ = {isa = PBXFileReference; fileEncoding = 4; lastKnownFileType = file.xib; path = MainTransactionHeader.xib; sourceTree = "<group>"; };
		843BD86E1C5B761200099437 /* MainTransactionHeader.h */ = {isa = PBXFileReference; fileEncoding = 4; lastKnownFileType = sourcecode.c.h; path = MainTransactionHeader.h; sourceTree = "<group>"; };
		843BD86F1C5B761200099437 /* MainTransactionHeader.m */ = {isa = PBXFileReference; fileEncoding = 4; lastKnownFileType = sourcecode.c.objc; path = MainTransactionHeader.m; sourceTree = "<group>"; };
		843E277C1C50E6840072C9AD /* MenuHeader.h */ = {isa = PBXFileReference; fileEncoding = 4; lastKnownFileType = sourcecode.c.h; path = MenuHeader.h; sourceTree = "<group>"; };
		843E277D1C50E6840072C9AD /* MenuHeader.m */ = {isa = PBXFileReference; fileEncoding = 4; lastKnownFileType = sourcecode.c.objc; path = MenuHeader.m; sourceTree = "<group>"; };
		843E277F1C50E73C0072C9AD /* MenuHeader.xib */ = {isa = PBXFileReference; fileEncoding = 4; lastKnownFileType = file.xib; path = MenuHeader.xib; sourceTree = "<group>"; };
		844FC57D1C553BC400E96C9A /* CategoryObject.h */ = {isa = PBXFileReference; fileEncoding = 4; lastKnownFileType = sourcecode.c.h; path = CategoryObject.h; sourceTree = "<group>"; };
		844FC57E1C553BC400E96C9A /* CategoryObject.m */ = {isa = PBXFileReference; fileEncoding = 4; lastKnownFileType = sourcecode.c.objc; path = CategoryObject.m; sourceTree = "<group>"; };
		844FC5811C553DB500E96C9A /* ExpenseViewController.h */ = {isa = PBXFileReference; fileEncoding = 4; lastKnownFileType = sourcecode.c.h; path = ExpenseViewController.h; sourceTree = "<group>"; };
		844FC5821C553DB500E96C9A /* ExpenseViewController.m */ = {isa = PBXFileReference; fileEncoding = 4; lastKnownFileType = sourcecode.c.objc; path = ExpenseViewController.m; sourceTree = "<group>"; };
		844FC5851C553E4100E96C9A /* IncomeViewController.h */ = {isa = PBXFileReference; fileEncoding = 4; lastKnownFileType = sourcecode.c.h; path = IncomeViewController.h; sourceTree = "<group>"; };
		844FC5861C553E4100E96C9A /* IncomeViewController.m */ = {isa = PBXFileReference; fileEncoding = 4; lastKnownFileType = sourcecode.c.objc; path = IncomeViewController.m; sourceTree = "<group>"; };
		844FC5891C553E8C00E96C9A /* MainViewController.h */ = {isa = PBXFileReference; fileEncoding = 4; lastKnownFileType = sourcecode.c.h; path = MainViewController.h; sourceTree = "<group>"; };
		844FC58A1C553E8C00E96C9A /* MainViewController.m */ = {isa = PBXFileReference; fileEncoding = 4; lastKnownFileType = sourcecode.c.objc; path = MainViewController.m; sourceTree = "<group>"; };
		844FC58C1C5540CD00E96C9A /* Expenses.png */ = {isa = PBXFileReference; lastKnownFileType = image.png; path = Expenses.png; sourceTree = "<group>"; };
		844FC58D1C5540CD00E96C9A /* Incomes.png */ = {isa = PBXFileReference; lastKnownFileType = image.png; path = Incomes.png; sourceTree = "<group>"; };
		844FC58E1C5540CD00E96C9A /* Transactions.png */ = {isa = PBXFileReference; lastKnownFileType = image.png; path = Transactions.png; sourceTree = "<group>"; };
		847441011C4DF488003346B1 /* SelectCategoryViewController.h */ = {isa = PBXFileReference; fileEncoding = 4; lastKnownFileType = sourcecode.c.h; path = SelectCategoryViewController.h; sourceTree = "<group>"; };
		847441021C4DF488003346B1 /* SelectCategoryViewController.m */ = {isa = PBXFileReference; fileEncoding = 4; lastKnownFileType = sourcecode.c.objc; path = SelectCategoryViewController.m; sourceTree = "<group>"; };
		847441041C4E0191003346B1 /* IncomeCategory+CoreDataProperties.h */ = {isa = PBXFileReference; fileEncoding = 4; lastKnownFileType = sourcecode.c.h; path = "IncomeCategory+CoreDataProperties.h"; sourceTree = "<group>"; };
		847441051C4E0191003346B1 /* IncomeCategory+CoreDataProperties.m */ = {isa = PBXFileReference; fileEncoding = 4; lastKnownFileType = sourcecode.c.objc; path = "IncomeCategory+CoreDataProperties.m"; sourceTree = "<group>"; };
		847441061C4E0191003346B1 /* IncomeCategory.h */ = {isa = PBXFileReference; fileEncoding = 4; lastKnownFileType = sourcecode.c.h; path = IncomeCategory.h; sourceTree = "<group>"; };
		847441071C4E0191003346B1 /* IncomeCategory.m */ = {isa = PBXFileReference; fileEncoding = 4; lastKnownFileType = sourcecode.c.objc; path = IncomeCategory.m; sourceTree = "<group>"; };
		8474410A1C4E01B1003346B1 /* Income+CoreDataProperties.h */ = {isa = PBXFileReference; fileEncoding = 4; lastKnownFileType = sourcecode.c.h; path = "Income+CoreDataProperties.h"; sourceTree = "<group>"; };
		8474410B1C4E01B1003346B1 /* Income+CoreDataProperties.m */ = {isa = PBXFileReference; fileEncoding = 4; lastKnownFileType = sourcecode.c.objc; path = "Income+CoreDataProperties.m"; sourceTree = "<group>"; };
		8474410C1C4E01B1003346B1 /* Income.h */ = {isa = PBXFileReference; fileEncoding = 4; lastKnownFileType = sourcecode.c.h; path = Income.h; sourceTree = "<group>"; };
		8474410D1C4E01B1003346B1 /* Income.m */ = {isa = PBXFileReference; fileEncoding = 4; lastKnownFileType = sourcecode.c.objc; path = Income.m; sourceTree = "<group>"; };
		847441101C4E01D5003346B1 /* Expenses+CoreDataProperties.h */ = {isa = PBXFileReference; fileEncoding = 4; lastKnownFileType = sourcecode.c.h; path = "Expenses+CoreDataProperties.h"; sourceTree = "<group>"; };
		847441111C4E01D5003346B1 /* Expenses+CoreDataProperties.m */ = {isa = PBXFileReference; fileEncoding = 4; lastKnownFileType = sourcecode.c.objc; path = "Expenses+CoreDataProperties.m"; sourceTree = "<group>"; };
		847441121C4E01D5003346B1 /* Expenses.h */ = {isa = PBXFileReference; fileEncoding = 4; lastKnownFileType = sourcecode.c.h; path = Expenses.h; sourceTree = "<group>"; };
		847441131C4E01D5003346B1 /* Expenses.m */ = {isa = PBXFileReference; fileEncoding = 4; lastKnownFileType = sourcecode.c.objc; path = Expenses.m; sourceTree = "<group>"; };
		847441161C4E01EE003346B1 /* ExpenseCategory+CoreDataProperties.h */ = {isa = PBXFileReference; fileEncoding = 4; lastKnownFileType = sourcecode.c.h; path = "ExpenseCategory+CoreDataProperties.h"; sourceTree = "<group>"; };
		847441171C4E01EE003346B1 /* ExpenseCategory+CoreDataProperties.m */ = {isa = PBXFileReference; fileEncoding = 4; lastKnownFileType = sourcecode.c.objc; path = "ExpenseCategory+CoreDataProperties.m"; sourceTree = "<group>"; };
		847441181C4E01EE003346B1 /* ExpenseCategory.h */ = {isa = PBXFileReference; fileEncoding = 4; lastKnownFileType = sourcecode.c.h; path = ExpenseCategory.h; sourceTree = "<group>"; };
		847441191C4E01EE003346B1 /* ExpenseCategory.m */ = {isa = PBXFileReference; fileEncoding = 4; lastKnownFileType = sourcecode.c.objc; path = ExpenseCategory.m; sourceTree = "<group>"; };
		8474411D1C4E2A44003346B1 /* DataAccess.h */ = {isa = PBXFileReference; fileEncoding = 4; lastKnownFileType = sourcecode.c.h; path = DataAccess.h; sourceTree = "<group>"; };
		8474411E1C4E2A44003346B1 /* DataAccess.m */ = {isa = PBXFileReference; fileEncoding = 4; lastKnownFileType = sourcecode.c.objc; path = DataAccess.m; sourceTree = "<group>"; };
		847441211C4E3A54003346B1 /* MenuViewController.h */ = {isa = PBXFileReference; fileEncoding = 4; lastKnownFileType = sourcecode.c.h; path = MenuViewController.h; sourceTree = "<group>"; };
		847441221C4E3A54003346B1 /* MenuViewController.m */ = {isa = PBXFileReference; fileEncoding = 4; lastKnownFileType = sourcecode.c.objc; path = MenuViewController.m; sourceTree = "<group>"; };
		847441241C4E54E4003346B1 /* wallet.png */ = {isa = PBXFileReference; lastKnownFileType = image.png; path = wallet.png; sourceTree = "<group>"; };
		84843D2E1C4CA521007B7B74 /* Question_mark_Icon_64.png */ = {isa = PBXFileReference; lastKnownFileType = image.png; path = Question_mark_Icon_64.png; sourceTree = "<group>"; };
		84DA524E1C64925C00AC6AD2 /* IncomeDataModel.h */ = {isa = PBXFileReference; fileEncoding = 4; lastKnownFileType = sourcecode.c.h; path = IncomeDataModel.h; sourceTree = "<group>"; };
		84DA524F1C64925C00AC6AD2 /* IncomeDataModel.m */ = {isa = PBXFileReference; fileEncoding = 4; lastKnownFileType = sourcecode.c.objc; path = IncomeDataModel.m; sourceTree = "<group>"; };
		84DA52521C64938F00AC6AD2 /* StatisticsIncomeHeader.xib */ = {isa = PBXFileReference; fileEncoding = 4; lastKnownFileType = file.xib; path = StatisticsIncomeHeader.xib; sourceTree = "<group>"; };
		84DA52541C6495ED00AC6AD2 /* StatisticsIncomeHeader.h */ = {isa = PBXFileReference; fileEncoding = 4; lastKnownFileType = sourcecode.c.h; path = StatisticsIncomeHeader.h; sourceTree = "<group>"; };
		84DA52551C6495ED00AC6AD2 /* StatisticsIncomeHeader.m */ = {isa = PBXFileReference; fileEncoding = 4; lastKnownFileType = sourcecode.c.objc; path = StatisticsIncomeHeader.m; sourceTree = "<group>"; };
		84DA52571C64DB8700AC6AD2 /* StatisticsExpenseHeader.h */ = {isa = PBXFileReference; fileEncoding = 4; lastKnownFileType = sourcecode.c.h; path = StatisticsExpenseHeader.h; sourceTree = "<group>"; };
		84DA52581C64DB8700AC6AD2 /* StatisticsExpenseHeader.m */ = {isa = PBXFileReference; fileEncoding = 4; lastKnownFileType = sourcecode.c.objc; path = StatisticsExpenseHeader.m; sourceTree = "<group>"; };
		84DA525C1C64DBFD00AC6AD2 /* ExpenseDataModel.h */ = {isa = PBXFileReference; fileEncoding = 4; lastKnownFileType = sourcecode.c.h; path = ExpenseDataModel.h; sourceTree = "<group>"; };
		84DA525D1C64DBFD00AC6AD2 /* ExpenseDataModel.m */ = {isa = PBXFileReference; fileEncoding = 4; lastKnownFileType = sourcecode.c.objc; path = ExpenseDataModel.m; sourceTree = "<group>"; };
		84DA525F1C64DDB700AC6AD2 /* StatisticsExpenseHeader.xib */ = {isa = PBXFileReference; fileEncoding = 4; lastKnownFileType = file.xib; path = StatisticsExpenseHeader.xib; sourceTree = "<group>"; };
		84DC8E1E1C6300860097EB4A /* Images */ = {isa = PBXFileReference; lastKnownFileType = folder; path = Images; sourceTree = "<group>"; };
		84E7F5D91C741D090080EFCC /* AddTransaction.png */ = {isa = PBXFileReference; lastKnownFileType = image.png; path = AddTransaction.png; sourceTree = "<group>"; };
		84E7F5DA1C741D090080EFCC /* Back.png */ = {isa = PBXFileReference; lastKnownFileType = image.png; path = Back.png; sourceTree = "<group>"; };
		84E7F5DB1C741D090080EFCC /* Cancel.png */ = {isa = PBXFileReference; lastKnownFileType = image.png; path = Cancel.png; sourceTree = "<group>"; };
		84E7F5DC1C741D090080EFCC /* Check.png */ = {isa = PBXFileReference; lastKnownFileType = image.png; path = Check.png; sourceTree = "<group>"; };
		84E7F5DD1C741D090080EFCC /* NoTransaction.png */ = {isa = PBXFileReference; lastKnownFileType = image.png; path = NoTransaction.png; sourceTree = "<group>"; };
		84E7F5E31C7425EF0080EFCC /* menu-icon_black.png */ = {isa = PBXFileReference; lastKnownFileType = image.png; path = "menu-icon_black.png"; sourceTree = "<group>"; };
		84F291571C4917AF00CC2212 /* MoneyLove.app */ = {isa = PBXFileReference; explicitFileType = wrapper.application; includeInIndex = 0; path = MoneyLove.app; sourceTree = BUILT_PRODUCTS_DIR; };
		84F2915B1C4917AF00CC2212 /* main.m */ = {isa = PBXFileReference; lastKnownFileType = sourcecode.c.objc; path = main.m; sourceTree = "<group>"; };
		84F2915D1C4917AF00CC2212 /* AppDelegate.h */ = {isa = PBXFileReference; lastKnownFileType = sourcecode.c.h; path = AppDelegate.h; sourceTree = "<group>"; };
		84F2915E1C4917AF00CC2212 /* AppDelegate.m */ = {isa = PBXFileReference; lastKnownFileType = sourcecode.c.objc; path = AppDelegate.m; sourceTree = "<group>"; };
		84F291601C4917AF00CC2212 /* ViewController.h */ = {isa = PBXFileReference; lastKnownFileType = sourcecode.c.h; path = ViewController.h; sourceTree = "<group>"; };
		84F291611C4917AF00CC2212 /* ViewController.m */ = {isa = PBXFileReference; lastKnownFileType = sourcecode.c.objc; path = ViewController.m; sourceTree = "<group>"; };
		84F291641C4917AF00CC2212 /* Base */ = {isa = PBXFileReference; lastKnownFileType = file.storyboard; name = Base; path = Base.lproj/Main.storyboard; sourceTree = "<group>"; };
		84F291671C4917AF00CC2212 /* MoneyLove.xcdatamodel */ = {isa = PBXFileReference; lastKnownFileType = wrapper.xcdatamodel; path = MoneyLove.xcdatamodel; sourceTree = "<group>"; };
		84F291691C4917AF00CC2212 /* Assets.xcassets */ = {isa = PBXFileReference; lastKnownFileType = folder.assetcatalog; path = Assets.xcassets; sourceTree = "<group>"; };
		84F2916C1C4917AF00CC2212 /* Base */ = {isa = PBXFileReference; lastKnownFileType = file.storyboard; name = Base; path = Base.lproj/LaunchScreen.storyboard; sourceTree = "<group>"; };
		84F2916E1C4917AF00CC2212 /* Info.plist */ = {isa = PBXFileReference; lastKnownFileType = text.plist.xml; path = Info.plist; sourceTree = "<group>"; };
		84F291731C4917AF00CC2212 /* MoneyLoveTests.xctest */ = {isa = PBXFileReference; explicitFileType = wrapper.cfbundle; includeInIndex = 0; path = MoneyLoveTests.xctest; sourceTree = BUILT_PRODUCTS_DIR; };
		84F291771C4917AF00CC2212 /* MoneyLoveTests.m */ = {isa = PBXFileReference; lastKnownFileType = sourcecode.c.objc; path = MoneyLoveTests.m; sourceTree = "<group>"; };
		84F291791C4917AF00CC2212 /* Info.plist */ = {isa = PBXFileReference; lastKnownFileType = text.plist.xml; path = Info.plist; sourceTree = "<group>"; };
		84F2917E1C4917AF00CC2212 /* MoneyLoveUITests.xctest */ = {isa = PBXFileReference; explicitFileType = wrapper.cfbundle; includeInIndex = 0; path = MoneyLoveUITests.xctest; sourceTree = BUILT_PRODUCTS_DIR; };
		84F291821C4917AF00CC2212 /* MoneyLoveUITests.m */ = {isa = PBXFileReference; lastKnownFileType = sourcecode.c.objc; path = MoneyLoveUITests.m; sourceTree = "<group>"; };
		84F291841C4917AF00CC2212 /* Info.plist */ = {isa = PBXFileReference; lastKnownFileType = text.plist.xml; path = Info.plist; sourceTree = "<group>"; };
/* End PBXFileReference section */

/* Begin PBXFrameworksBuildPhase section */
		84F291541C4917AF00CC2212 /* Frameworks */ = {
			isa = PBXFrameworksBuildPhase;
			buildActionMask = 2147483647;
			files = (
			);
			runOnlyForDeploymentPostprocessing = 0;
		};
		84F291701C4917AF00CC2212 /* Frameworks */ = {
			isa = PBXFrameworksBuildPhase;
			buildActionMask = 2147483647;
			files = (
			);
			runOnlyForDeploymentPostprocessing = 0;
		};
		84F2917B1C4917AF00CC2212 /* Frameworks */ = {
			isa = PBXFrameworksBuildPhase;
			buildActionMask = 2147483647;
			files = (
			);
			runOnlyForDeploymentPostprocessing = 0;
		};
/* End PBXFrameworksBuildPhase section */

/* Begin PBXGroup section */
		841DDD491C4CF898009D31F0 /* Income */ = {
			isa = PBXGroup;
			children = (
				8474410A1C4E01B1003346B1 /* Income+CoreDataProperties.h */,
				8474410B1C4E01B1003346B1 /* Income+CoreDataProperties.m */,
				8474410C1C4E01B1003346B1 /* Income.h */,
				8474410D1C4E01B1003346B1 /* Income.m */,
			);
			name = Income;
			sourceTree = "<group>";
		};
		841DDD531C4CF910009D31F0 /* IncomeCategory */ = {
			isa = PBXGroup;
			children = (
				847441041C4E0191003346B1 /* IncomeCategory+CoreDataProperties.h */,
				847441051C4E0191003346B1 /* IncomeCategory+CoreDataProperties.m */,
				847441061C4E0191003346B1 /* IncomeCategory.h */,
				847441071C4E0191003346B1 /* IncomeCategory.m */,
			);
			name = IncomeCategory;
			sourceTree = "<group>";
		};
		841DDD5A1C4CF958009D31F0 /* Expenses */ = {
			isa = PBXGroup;
			children = (
				847441101C4E01D5003346B1 /* Expenses+CoreDataProperties.h */,
				847441111C4E01D5003346B1 /* Expenses+CoreDataProperties.m */,
				847441121C4E01D5003346B1 /* Expenses.h */,
				847441131C4E01D5003346B1 /* Expenses.m */,
			);
			name = Expenses;
			sourceTree = "<group>";
		};
		841DDD5B1C4CF96A009D31F0 /* ExpenseCategory */ = {
			isa = PBXGroup;
			children = (
				847441161C4E01EE003346B1 /* ExpenseCategory+CoreDataProperties.h */,
				847441171C4E01EE003346B1 /* ExpenseCategory+CoreDataProperties.m */,
				847441181C4E01EE003346B1 /* ExpenseCategory.h */,
				847441191C4E01EE003346B1 /* ExpenseCategory.m */,
			);
			name = ExpenseCategory;
			sourceTree = "<group>";
		};
		841DDD681C4CFAB2009D31F0 /* AddTransaction */ = {
			isa = PBXGroup;
			children = (
				841DDD6A1C4CFB24009D31F0 /* AddTransactionViewController.h */,
				841DDD6B1C4CFB24009D31F0 /* AddTransactionViewController.m */,
			);
			name = AddTransaction;
			sourceTree = "<group>";
		};
		844FC57C1C553BA700E96C9A /* CategoryObject */ = {
			isa = PBXGroup;
			children = (
				844FC57D1C553BC400E96C9A /* CategoryObject.h */,
				844FC57E1C553BC400E96C9A /* CategoryObject.m */,
			);
			name = CategoryObject;
			sourceTree = "<group>";
		};
		844FC5801C553C9E00E96C9A /* StatisticsExpense */ = {
			isa = PBXGroup;
			children = (
				844FC5811C553DB500E96C9A /* ExpenseViewController.h */,
				844FC5821C553DB500E96C9A /* ExpenseViewController.m */,
				84DA52571C64DB8700AC6AD2 /* StatisticsExpenseHeader.h */,
				84DA52581C64DB8700AC6AD2 /* StatisticsExpenseHeader.m */,
				84DA525C1C64DBFD00AC6AD2 /* ExpenseDataModel.h */,
				84DA525D1C64DBFD00AC6AD2 /* ExpenseDataModel.m */,
				84DA525F1C64DDB700AC6AD2 /* StatisticsExpenseHeader.xib */,
			);
			name = StatisticsExpense;
			sourceTree = "<group>";
		};
		844FC5841C553E0C00E96C9A /* StatisticsIncome */ = {
			isa = PBXGroup;
			children = (
				844FC5851C553E4100E96C9A /* IncomeViewController.h */,
				844FC5861C553E4100E96C9A /* IncomeViewController.m */,
				84DA524E1C64925C00AC6AD2 /* IncomeDataModel.h */,
				84DA524F1C64925C00AC6AD2 /* IncomeDataModel.m */,
				84DA52521C64938F00AC6AD2 /* StatisticsIncomeHeader.xib */,
				84DA52541C6495ED00AC6AD2 /* StatisticsIncomeHeader.h */,
				84DA52551C6495ED00AC6AD2 /* StatisticsIncomeHeader.m */,
			);
			name = StatisticsIncome;
			sourceTree = "<group>";
		};
		844FC5881C553E7E00E96C9A /* Main */ = {
			isa = PBXGroup;
			children = (
				844FC5891C553E8C00E96C9A /* MainViewController.h */,
				844FC58A1C553E8C00E96C9A /* MainViewController.m */,
				843BD8691C5B2F6A00099437 /* MainViewDataModel.h */,
				843BD86A1C5B2F6A00099437 /* MainViewDataModel.m */,
				843BD86C1C5B734100099437 /* MainTransactionHeader.xib */,
				843BD86E1C5B761200099437 /* MainTransactionHeader.h */,
				843BD86F1C5B761200099437 /* MainTransactionHeader.m */,
			);
			name = Main;
			sourceTree = "<group>";
		};
		847441001C4DF461003346B1 /* SelectCategory */ = {
			isa = PBXGroup;
			children = (
				847441011C4DF488003346B1 /* SelectCategoryViewController.h */,
				847441021C4DF488003346B1 /* SelectCategoryViewController.m */,
			);
			name = SelectCategory;
			sourceTree = "<group>";
		};
		8474411C1C4E2A01003346B1 /* Data Access */ = {
			isa = PBXGroup;
			children = (
				8474411D1C4E2A44003346B1 /* DataAccess.h */,
				8474411E1C4E2A44003346B1 /* DataAccess.m */,
			);
			name = "Data Access";
			sourceTree = "<group>";
		};
		847441201C4E3A38003346B1 /* Menu */ = {
			isa = PBXGroup;
			children = (
				847441211C4E3A54003346B1 /* MenuViewController.h */,
				847441221C4E3A54003346B1 /* MenuViewController.m */,
				843E277C1C50E6840072C9AD /* MenuHeader.h */,
				843E277D1C50E6840072C9AD /* MenuHeader.m */,
				843E277F1C50E73C0072C9AD /* MenuHeader.xib */,
			);
			name = Menu;
			sourceTree = "<group>";
		};
		84F2914E1C4917AF00CC2212 = {
			isa = PBXGroup;
			children = (
				84F291591C4917AF00CC2212 /* MoneyLove */,
				84F291761C4917AF00CC2212 /* MoneyLoveTests */,
				84F291811C4917AF00CC2212 /* MoneyLoveUITests */,
				84F291581C4917AF00CC2212 /* Products */,
			);
			sourceTree = "<group>";
		};
		84F291581C4917AF00CC2212 /* Products */ = {
			isa = PBXGroup;
			children = (
				84F291571C4917AF00CC2212 /* MoneyLove.app */,
				84F291731C4917AF00CC2212 /* MoneyLoveTests.xctest */,
				84F2917E1C4917AF00CC2212 /* MoneyLoveUITests.xctest */,
			);
			name = Products;
			sourceTree = "<group>";
		};
		84F291591C4917AF00CC2212 /* MoneyLove */ = {
			isa = PBXGroup;
			children = (
				84DC8E1E1C6300860097EB4A /* Images */,
				844FC5881C553E7E00E96C9A /* Main */,
				844FC5841C553E0C00E96C9A /* StatisticsIncome */,
				844FC5801C553C9E00E96C9A /* StatisticsExpense */,
				844FC57C1C553BA700E96C9A /* CategoryObject */,
				847441201C4E3A38003346B1 /* Menu */,
				8474411C1C4E2A01003346B1 /* Data Access */,
				847441001C4DF461003346B1 /* SelectCategory */,
				841DDD681C4CFAB2009D31F0 /* AddTransaction */,
				841DDD5B1C4CF96A009D31F0 /* ExpenseCategory */,
				841DDD5A1C4CF958009D31F0 /* Expenses */,
				841DDD531C4CF910009D31F0 /* IncomeCategory */,
				841DDD491C4CF898009D31F0 /* Income */,
				84F2915D1C4917AF00CC2212 /* AppDelegate.h */,
				84F2915E1C4917AF00CC2212 /* AppDelegate.m */,
				84F291601C4917AF00CC2212 /* ViewController.h */,
				84F291611C4917AF00CC2212 /* ViewController.m */,
				84F291631C4917AF00CC2212 /* Main.storyboard */,
				84F291691C4917AF00CC2212 /* Assets.xcassets */,
				84F2916B1C4917AF00CC2212 /* LaunchScreen.storyboard */,
				84F2916E1C4917AF00CC2212 /* Info.plist */,
				84F291661C4917AF00CC2212 /* MoneyLove.xcdatamodeld */,
				84F2915A1C4917AF00CC2212 /* Supporting Files */,
			);
			path = MoneyLove;
			sourceTree = "<group>";
		};
		84F2915A1C4917AF00CC2212 /* Supporting Files */ = {
			isa = PBXGroup;
			children = (
				84E7F5E31C7425EF0080EFCC /* menu-icon_black.png */,
				84E7F5D91C741D090080EFCC /* AddTransaction.png */,
				84E7F5DA1C741D090080EFCC /* Back.png */,
				84E7F5DB1C741D090080EFCC /* Cancel.png */,
				84E7F5DC1C741D090080EFCC /* Check.png */,
				84E7F5DD1C741D090080EFCC /* NoTransaction.png */,
				844FC58C1C5540CD00E96C9A /* Expenses.png */,
				844FC58D1C5540CD00E96C9A /* Incomes.png */,
				844FC58E1C5540CD00E96C9A /* Transactions.png */,
				847441241C4E54E4003346B1 /* wallet.png */,
				84843D2E1C4CA521007B7B74 /* Question_mark_Icon_64.png */,
				84F2915B1C4917AF00CC2212 /* main.m */,
			);
			name = "Supporting Files";
			sourceTree = "<group>";
		};
		84F291761C4917AF00CC2212 /* MoneyLoveTests */ = {
			isa = PBXGroup;
			children = (
				84F291771C4917AF00CC2212 /* MoneyLoveTests.m */,
				84F291791C4917AF00CC2212 /* Info.plist */,
			);
			path = MoneyLoveTests;
			sourceTree = "<group>";
		};
		84F291811C4917AF00CC2212 /* MoneyLoveUITests */ = {
			isa = PBXGroup;
			children = (
				84F291821C4917AF00CC2212 /* MoneyLoveUITests.m */,
				84F291841C4917AF00CC2212 /* Info.plist */,
			);
			path = MoneyLoveUITests;
			sourceTree = "<group>";
		};
/* End PBXGroup section */

/* Begin PBXNativeTarget section */
		84F291561C4917AF00CC2212 /* MoneyLove */ = {
			isa = PBXNativeTarget;
			buildConfigurationList = 84F291871C4917AF00CC2212 /* Build configuration list for PBXNativeTarget "MoneyLove" */;
			buildPhases = (
				84F291531C4917AF00CC2212 /* Sources */,
				84F291541C4917AF00CC2212 /* Frameworks */,
				84F291551C4917AF00CC2212 /* Resources */,
			);
			buildRules = (
			);
			dependencies = (
			);
			name = MoneyLove;
			productName = MoneyLove;
			productReference = 84F291571C4917AF00CC2212 /* MoneyLove.app */;
			productType = "com.apple.product-type.application";
		};
		84F291721C4917AF00CC2212 /* MoneyLoveTests */ = {
			isa = PBXNativeTarget;
			buildConfigurationList = 84F2918A1C4917AF00CC2212 /* Build configuration list for PBXNativeTarget "MoneyLoveTests" */;
			buildPhases = (
				84F2916F1C4917AF00CC2212 /* Sources */,
				84F291701C4917AF00CC2212 /* Frameworks */,
				84F291711C4917AF00CC2212 /* Resources */,
			);
			buildRules = (
			);
			dependencies = (
				84F291751C4917AF00CC2212 /* PBXTargetDependency */,
			);
			name = MoneyLoveTests;
			productName = MoneyLoveTests;
			productReference = 84F291731C4917AF00CC2212 /* MoneyLoveTests.xctest */;
			productType = "com.apple.product-type.bundle.unit-test";
		};
		84F2917D1C4917AF00CC2212 /* MoneyLoveUITests */ = {
			isa = PBXNativeTarget;
			buildConfigurationList = 84F2918D1C4917AF00CC2212 /* Build configuration list for PBXNativeTarget "MoneyLoveUITests" */;
			buildPhases = (
				84F2917A1C4917AF00CC2212 /* Sources */,
				84F2917B1C4917AF00CC2212 /* Frameworks */,
				84F2917C1C4917AF00CC2212 /* Resources */,
			);
			buildRules = (
			);
			dependencies = (
				84F291801C4917AF00CC2212 /* PBXTargetDependency */,
			);
			name = MoneyLoveUITests;
			productName = MoneyLoveUITests;
			productReference = 84F2917E1C4917AF00CC2212 /* MoneyLoveUITests.xctest */;
			productType = "com.apple.product-type.bundle.ui-testing";
		};
/* End PBXNativeTarget section */

/* Begin PBXProject section */
		84F2914F1C4917AF00CC2212 /* Project object */ = {
			isa = PBXProject;
			attributes = {
				LastUpgradeCheck = 0720;
				ORGANIZATIONNAME = "Abu Khalid";
				TargetAttributes = {
					84F291561C4917AF00CC2212 = {
						CreatedOnToolsVersion = 7.2;
					};
					84F291721C4917AF00CC2212 = {
						CreatedOnToolsVersion = 7.2;
						TestTargetID = 84F291561C4917AF00CC2212;
					};
					84F2917D1C4917AF00CC2212 = {
						CreatedOnToolsVersion = 7.2;
						TestTargetID = 84F291561C4917AF00CC2212;
					};
				};
			};
			buildConfigurationList = 84F291521C4917AF00CC2212 /* Build configuration list for PBXProject "MoneyLove" */;
			compatibilityVersion = "Xcode 3.2";
			developmentRegion = English;
			hasScannedForEncodings = 0;
			knownRegions = (
				en,
				Base,
			);
			mainGroup = 84F2914E1C4917AF00CC2212;
			productRefGroup = 84F291581C4917AF00CC2212 /* Products */;
			projectDirPath = "";
			projectRoot = "";
			targets = (
				84F291561C4917AF00CC2212 /* MoneyLove */,
				84F291721C4917AF00CC2212 /* MoneyLoveTests */,
				84F2917D1C4917AF00CC2212 /* MoneyLoveUITests */,
			);
		};
/* End PBXProject section */

/* Begin PBXResourcesBuildPhase section */
		84F291551C4917AF00CC2212 /* Resources */ = {
			isa = PBXResourcesBuildPhase;
			buildActionMask = 2147483647;
			files = (
				84DC8E1F1C6300860097EB4A /* Images in Resources */,
				84F2916D1C4917AF00CC2212 /* LaunchScreen.storyboard in Resources */,
				84F2916A1C4917AF00CC2212 /* Assets.xcassets in Resources */,
				84E7F5E01C741D090080EFCC /* Cancel.png in Resources */,
				84F291651C4917AF00CC2212 /* Main.storyboard in Resources */,
				843BD86D1C5B734100099437 /* MainTransactionHeader.xib in Resources */,
				844FC58F1C5540CD00E96C9A /* Expenses.png in Resources */,
				844FC5911C5540CD00E96C9A /* Transactions.png in Resources */,
				844FC5901C5540CD00E96C9A /* Incomes.png in Resources */,
				843E27801C50E73C0072C9AD /* MenuHeader.xib in Resources */,
				847441251C4E54E4003346B1 /* wallet.png in Resources */,
				84E7F5E11C741D090080EFCC /* Check.png in Resources */,
				84E7F5DE1C741D090080EFCC /* AddTransaction.png in Resources */,
				84E7F5E41C7425EF0080EFCC /* menu-icon_black.png in Resources */,
				84DA52601C64DDB700AC6AD2 /* StatisticsExpenseHeader.xib in Resources */,
				84E7F5DF1C741D090080EFCC /* Back.png in Resources */,
				84E7F5E21C741D090080EFCC /* NoTransaction.png in Resources */,
				84DA52531C64938F00AC6AD2 /* StatisticsIncomeHeader.xib in Resources */,
				84843D2F1C4CA521007B7B74 /* Question_mark_Icon_64.png in Resources */,
			);
			runOnlyForDeploymentPostprocessing = 0;
		};
		84F291711C4917AF00CC2212 /* Resources */ = {
			isa = PBXResourcesBuildPhase;
			buildActionMask = 2147483647;
			files = (
			);
			runOnlyForDeploymentPostprocessing = 0;
		};
		84F2917C1C4917AF00CC2212 /* Resources */ = {
			isa = PBXResourcesBuildPhase;
			buildActionMask = 2147483647;
			files = (
			);
			runOnlyForDeploymentPostprocessing = 0;
		};
/* End PBXResourcesBuildPhase section */

/* Begin PBXSourcesBuildPhase section */
		84F291531C4917AF00CC2212 /* Sources */ = {
			isa = PBXSourcesBuildPhase;
			buildActionMask = 2147483647;
			files = (
				841DDD6C1C4CFB24009D31F0 /* AddTransactionViewController.m in Sources */,
				84F291681C4917AF00CC2212 /* MoneyLove.xcdatamodeld in Sources */,
				84DA525E1C64DBFD00AC6AD2 /* ExpenseDataModel.m in Sources */,
				844FC57F1C553BC400E96C9A /* CategoryObject.m in Sources */,
				84DA52561C6495ED00AC6AD2 /* StatisticsIncomeHeader.m in Sources */,
				84F291621C4917AF00CC2212 /* ViewController.m in Sources */,
				844FC58B1C553E8C00E96C9A /* MainViewController.m in Sources */,
				847441231C4E3A54003346B1 /* MenuViewController.m in Sources */,
				847441031C4DF488003346B1 /* SelectCategoryViewController.m in Sources */,
				847441081C4E0191003346B1 /* IncomeCategory+CoreDataProperties.m in Sources */,
				84F2915F1C4917AF00CC2212 /* AppDelegate.m in Sources */,
				84DA52591C64DB8700AC6AD2 /* StatisticsExpenseHeader.m in Sources */,
				843E277E1C50E6840072C9AD /* MenuHeader.m in Sources */,
				84DA52501C64925C00AC6AD2 /* IncomeDataModel.m in Sources */,
				843BD86B1C5B2F6A00099437 /* MainViewDataModel.m in Sources */,
				847441151C4E01D5003346B1 /* Expenses.m in Sources */,
				8474411A1C4E01EE003346B1 /* ExpenseCategory+CoreDataProperties.m in Sources */,
				8474410F1C4E01B1003346B1 /* Income.m in Sources */,
				8474411F1C4E2A44003346B1 /* DataAccess.m in Sources */,
				847441141C4E01D5003346B1 /* Expenses+CoreDataProperties.m in Sources */,
				844FC5831C553DB500E96C9A /* ExpenseViewController.m in Sources */,
				847441091C4E0191003346B1 /* IncomeCategory.m in Sources */,
				84F2915C1C4917AF00CC2212 /* main.m in Sources */,
				843BD8701C5B761200099437 /* MainTransactionHeader.m in Sources */,
				8474411B1C4E01EE003346B1 /* ExpenseCategory.m in Sources */,
				8474410E1C4E01B1003346B1 /* Income+CoreDataProperties.m in Sources */,
				844FC5871C553E4100E96C9A /* IncomeViewController.m in Sources */,
			);
			runOnlyForDeploymentPostprocessing = 0;
		};
		84F2916F1C4917AF00CC2212 /* Sources */ = {
			isa = PBXSourcesBuildPhase;
			buildActionMask = 2147483647;
			files = (
				84F291781C4917AF00CC2212 /* MoneyLoveTests.m in Sources */,
			);
			runOnlyForDeploymentPostprocessing = 0;
		};
		84F2917A1C4917AF00CC2212 /* Sources */ = {
			isa = PBXSourcesBuildPhase;
			buildActionMask = 2147483647;
			files = (
				84F291831C4917AF00CC2212 /* MoneyLoveUITests.m in Sources */,
			);
			runOnlyForDeploymentPostprocessing = 0;
		};
/* End PBXSourcesBuildPhase section */

/* Begin PBXTargetDependency section */
		84F291751C4917AF00CC2212 /* PBXTargetDependency */ = {
			isa = PBXTargetDependency;
			target = 84F291561C4917AF00CC2212 /* MoneyLove */;
			targetProxy = 84F291741C4917AF00CC2212 /* PBXContainerItemProxy */;
		};
		84F291801C4917AF00CC2212 /* PBXTargetDependency */ = {
			isa = PBXTargetDependency;
			target = 84F291561C4917AF00CC2212 /* MoneyLove */;
			targetProxy = 84F2917F1C4917AF00CC2212 /* PBXContainerItemProxy */;
		};
/* End PBXTargetDependency section */

/* Begin PBXVariantGroup section */
		84F291631C4917AF00CC2212 /* Main.storyboard */ = {
			isa = PBXVariantGroup;
			children = (
				84F291641C4917AF00CC2212 /* Base */,
			);
			name = Main.storyboard;
			sourceTree = "<group>";
		};
		84F2916B1C4917AF00CC2212 /* LaunchScreen.storyboard */ = {
			isa = PBXVariantGroup;
			children = (
				84F2916C1C4917AF00CC2212 /* Base */,
			);
			name = LaunchScreen.storyboard;
			sourceTree = "<group>";
		};
/* End PBXVariantGroup section */

/* Begin XCBuildConfiguration section */
		84F291851C4917AF00CC2212 /* Debug */ = {
			isa = XCBuildConfiguration;
			buildSettings = {
				ALWAYS_SEARCH_USER_PATHS = NO;
				CLANG_CXX_LANGUAGE_STANDARD = "gnu++0x";
				CLANG_CXX_LIBRARY = "libc++";
				CLANG_ENABLE_MODULES = YES;
				CLANG_ENABLE_OBJC_ARC = YES;
				CLANG_WARN_BOOL_CONVERSION = YES;
				CLANG_WARN_CONSTANT_CONVERSION = YES;
				CLANG_WARN_DIRECT_OBJC_ISA_USAGE = YES_ERROR;
				CLANG_WARN_EMPTY_BODY = YES;
				CLANG_WARN_ENUM_CONVERSION = YES;
				CLANG_WARN_INT_CONVERSION = YES;
				CLANG_WARN_OBJC_ROOT_CLASS = YES_ERROR;
				CLANG_WARN_UNREACHABLE_CODE = YES;
				CLANG_WARN__DUPLICATE_METHOD_MATCH = YES;
				"CODE_SIGN_IDENTITY[sdk=iphoneos*]" = "iPhone Developer";
				COPY_PHASE_STRIP = NO;
				DEBUG_INFORMATION_FORMAT = dwarf;
				ENABLE_STRICT_OBJC_MSGSEND = YES;
				ENABLE_TESTABILITY = YES;
				GCC_C_LANGUAGE_STANDARD = gnu99;
				GCC_DYNAMIC_NO_PIC = NO;
				GCC_NO_COMMON_BLOCKS = YES;
				GCC_OPTIMIZATION_LEVEL = 0;
				GCC_PREPROCESSOR_DEFINITIONS = (
					"DEBUG=1",
					"$(inherited)",
				);
				GCC_WARN_64_TO_32_BIT_CONVERSION = YES;
				GCC_WARN_ABOUT_RETURN_TYPE = YES_ERROR;
				GCC_WARN_UNDECLARED_SELECTOR = YES;
				GCC_WARN_UNINITIALIZED_AUTOS = YES_AGGRESSIVE;
				GCC_WARN_UNUSED_FUNCTION = YES;
				GCC_WARN_UNUSED_VARIABLE = YES;
				IPHONEOS_DEPLOYMENT_TARGET = 9.2;
				MTL_ENABLE_DEBUG_INFO = YES;
				ONLY_ACTIVE_ARCH = YES;
				SDKROOT = iphoneos;
			};
			name = Debug;
		};
		84F291861C4917AF00CC2212 /* Release */ = {
			isa = XCBuildConfiguration;
			buildSettings = {
				ALWAYS_SEARCH_USER_PATHS = NO;
				CLANG_CXX_LANGUAGE_STANDARD = "gnu++0x";
				CLANG_CXX_LIBRARY = "libc++";
				CLANG_ENABLE_MODULES = YES;
				CLANG_ENABLE_OBJC_ARC = YES;
				CLANG_WARN_BOOL_CONVERSION = YES;
				CLANG_WARN_CONSTANT_CONVERSION = YES;
				CLANG_WARN_DIRECT_OBJC_ISA_USAGE = YES_ERROR;
				CLANG_WARN_EMPTY_BODY = YES;
				CLANG_WARN_ENUM_CONVERSION = YES;
				CLANG_WARN_INT_CONVERSION = YES;
				CLANG_WARN_OBJC_ROOT_CLASS = YES_ERROR;
				CLANG_WARN_UNREACHABLE_CODE = YES;
				CLANG_WARN__DUPLICATE_METHOD_MATCH = YES;
				"CODE_SIGN_IDENTITY[sdk=iphoneos*]" = "iPhone Developer";
				COPY_PHASE_STRIP = NO;
				DEBUG_INFORMATION_FORMAT = "dwarf-with-dsym";
				ENABLE_NS_ASSERTIONS = NO;
				ENABLE_STRICT_OBJC_MSGSEND = YES;
				GCC_C_LANGUAGE_STANDARD = gnu99;
				GCC_NO_COMMON_BLOCKS = YES;
				GCC_WARN_64_TO_32_BIT_CONVERSION = YES;
				GCC_WARN_ABOUT_RETURN_TYPE = YES_ERROR;
				GCC_WARN_UNDECLARED_SELECTOR = YES;
				GCC_WARN_UNINITIALIZED_AUTOS = YES_AGGRESSIVE;
				GCC_WARN_UNUSED_FUNCTION = YES;
				GCC_WARN_UNUSED_VARIABLE = YES;
				IPHONEOS_DEPLOYMENT_TARGET = 9.2;
				MTL_ENABLE_DEBUG_INFO = NO;
				SDKROOT = iphoneos;
				VALIDATE_PRODUCT = YES;
			};
			name = Release;
		};
		84F291881C4917AF00CC2212 /* Debug */ = {
			isa = XCBuildConfiguration;
			buildSettings = {
				ASSETCATALOG_COMPILER_APPICON_NAME = AppIcon;
				INFOPLIST_FILE = MoneyLove/Info.plist;
				IPHONEOS_DEPLOYMENT_TARGET = 8.0;
				LD_RUNPATH_SEARCH_PATHS = "$(inherited) @executable_path/Frameworks";
				PRODUCT_BUNDLE_IDENTIFIER = framgia.MoneyLove;
				PRODUCT_NAME = "$(TARGET_NAME)";
			};
			name = Debug;
		};
		84F291891C4917AF00CC2212 /* Release */ = {
			isa = XCBuildConfiguration;
			buildSettings = {
				ASSETCATALOG_COMPILER_APPICON_NAME = AppIcon;
				INFOPLIST_FILE = MoneyLove/Info.plist;
				IPHONEOS_DEPLOYMENT_TARGET = 8.0;
				LD_RUNPATH_SEARCH_PATHS = "$(inherited) @executable_path/Frameworks";
				PRODUCT_BUNDLE_IDENTIFIER = framgia.MoneyLove;
				PRODUCT_NAME = "$(TARGET_NAME)";
			};
			name = Release;
		};
		84F2918B1C4917AF00CC2212 /* Debug */ = {
			isa = XCBuildConfiguration;
			buildSettings = {
				BUNDLE_LOADER = "$(TEST_HOST)";
				INFOPLIST_FILE = MoneyLoveTests/Info.plist;
				LD_RUNPATH_SEARCH_PATHS = "$(inherited) @executable_path/Frameworks @loader_path/Frameworks";
				PRODUCT_BUNDLE_IDENTIFIER = framgia.MoneyLoveTests;
				PRODUCT_NAME = "$(TARGET_NAME)";
				TEST_HOST = "$(BUILT_PRODUCTS_DIR)/MoneyLove.app/MoneyLove";
			};
			name = Debug;
		};
		84F2918C1C4917AF00CC2212 /* Release */ = {
			isa = XCBuildConfiguration;
			buildSettings = {
				BUNDLE_LOADER = "$(TEST_HOST)";
				INFOPLIST_FILE = MoneyLoveTests/Info.plist;
				LD_RUNPATH_SEARCH_PATHS = "$(inherited) @executable_path/Frameworks @loader_path/Frameworks";
				PRODUCT_BUNDLE_IDENTIFIER = framgia.MoneyLoveTests;
				PRODUCT_NAME = "$(TARGET_NAME)";
				TEST_HOST = "$(BUILT_PRODUCTS_DIR)/MoneyLove.app/MoneyLove";
			};
			name = Release;
		};
		84F2918E1C4917AF00CC2212 /* Debug */ = {
			isa = XCBuildConfiguration;
			buildSettings = {
				INFOPLIST_FILE = MoneyLoveUITests/Info.plist;
				LD_RUNPATH_SEARCH_PATHS = "$(inherited) @executable_path/Frameworks @loader_path/Frameworks";
				PRODUCT_BUNDLE_IDENTIFIER = framgia.MoneyLoveUITests;
				PRODUCT_NAME = "$(TARGET_NAME)";
				TEST_TARGET_NAME = MoneyLove;
				USES_XCTRUNNER = YES;
			};
			name = Debug;
		};
		84F2918F1C4917AF00CC2212 /* Release */ = {
			isa = XCBuildConfiguration;
			buildSettings = {
				INFOPLIST_FILE = MoneyLoveUITests/Info.plist;
				LD_RUNPATH_SEARCH_PATHS = "$(inherited) @executable_path/Frameworks @loader_path/Frameworks";
				PRODUCT_BUNDLE_IDENTIFIER = framgia.MoneyLoveUITests;
				PRODUCT_NAME = "$(TARGET_NAME)";
				TEST_TARGET_NAME = MoneyLove;
				USES_XCTRUNNER = YES;
			};
			name = Release;
		};
/* End XCBuildConfiguration section */

/* Begin XCConfigurationList section */
		84F291521C4917AF00CC2212 /* Build configuration list for PBXProject "MoneyLove" */ = {
			isa = XCConfigurationList;
			buildConfigurations = (
				84F291851C4917AF00CC2212 /* Debug */,
				84F291861C4917AF00CC2212 /* Release */,
			);
			defaultConfigurationIsVisible = 0;
			defaultConfigurationName = Release;
		};
		84F291871C4917AF00CC2212 /* Build configuration list for PBXNativeTarget "MoneyLove" */ = {
			isa = XCConfigurationList;
			buildConfigurations = (
				84F291881C4917AF00CC2212 /* Debug */,
				84F291891C4917AF00CC2212 /* Release */,
			);
			defaultConfigurationIsVisible = 0;
			defaultConfigurationName = Release;
		};
		84F2918A1C4917AF00CC2212 /* Build configuration list for PBXNativeTarget "MoneyLoveTests" */ = {
			isa = XCConfigurationList;
			buildConfigurations = (
				84F2918B1C4917AF00CC2212 /* Debug */,
				84F2918C1C4917AF00CC2212 /* Release */,
			);
			defaultConfigurationIsVisible = 0;
			defaultConfigurationName = Release;
		};
		84F2918D1C4917AF00CC2212 /* Build configuration list for PBXNativeTarget "MoneyLoveUITests" */ = {
			isa = XCConfigurationList;
			buildConfigurations = (
				84F2918E1C4917AF00CC2212 /* Debug */,
				84F2918F1C4917AF00CC2212 /* Release */,
			);
			defaultConfigurationIsVisible = 0;
			defaultConfigurationName = Release;
		};
/* End XCConfigurationList section */

/* Begin XCVersionGroup section */
		84F291661C4917AF00CC2212 /* MoneyLove.xcdatamodeld */ = {
			isa = XCVersionGroup;
			children = (
				84F291671C4917AF00CC2212 /* MoneyLove.xcdatamodel */,
			);
			currentVersion = 84F291671C4917AF00CC2212 /* MoneyLove.xcdatamodel */;
			path = MoneyLove.xcdatamodeld;
			sourceTree = "<group>";
			versionGroupType = wrapper.xcdatamodel;
		};
/* End XCVersionGroup section */
	};
	rootObject = 84F2914F1C4917AF00CC2212 /* Project object */;
}
